{
  "name": "angular2-signaturepad",
  "version": "hotfix/v2.9.0",
  "lockfileVersion": 1,
  "requires": true,
  "dependencies": {
    "@angular/common": {
      "version": "2.0.1",
      "resolved": "https://registry.npmjs.org/@angular/common/-/common-2.0.1.tgz",
      "integrity": "sha512-Hu4KV0jfLbSsxNAmgyB0HW2BPHNEZkbfJ2EfDQHN6dLzyyP6Cb08a9rRZvNP7YVEXnLnCCP3jh/yaZ49gaCuTg==",
      "dev": true
    },
    "@angular/compiler": {
      "version": "2.0.1",
      "resolved": "https://registry.npmjs.org/@angular/compiler/-/compiler-2.0.1.tgz",
      "integrity": "sha512-Fhzxu/hczg/VdaHJhPZfWhI7l7BJili9vgPt29mFXntv18iz3yzVAMfqMBgqhS5ZWx0+RgPBk9ROkLxgojl5yw==",
      "dev": true
    },
    "@angular/compiler-cli": {
      "version": "0.6.3",
      "resolved": "https://registry.npmjs.org/@angular/compiler-cli/-/compiler-cli-0.6.3.tgz",
      "integrity": "sha512-6c6OdZ24yEnuSY1bwBtw4IL9D3PbZticpdVNcqioHMn75FZno+JZEio4a2KGSw/98s+BJpMjuVUR16SCfk2J9Q==",
      "dev": true,
      "requires": {
        "@angular/tsc-wrapped": "^0.3.0",
        "minimist": "^1.2.0",
        "parse5": "1.3.2",
        "reflect-metadata": "^0.1.2"
      }
    },
    "@angular/core": {
      "version": "2.0.1",
      "resolved": "https://registry.npmjs.org/@angular/core/-/core-2.0.1.tgz",
      "integrity": "sha512-i3jfoNCXiUbTKI6D4FjPkSpeqNoaZoxT/r7oQwUCrkQPsr6GD7AaI65yWwlkQhiimMj1Krmq2E6rQ7Mrc1nnig==",
      "dev": true
    },
    "@angular/platform-browser": {
      "version": "2.0.1",
      "resolved": "https://registry.npmjs.org/@angular/platform-browser/-/platform-browser-2.0.1.tgz",
      "integrity": "sha512-1yaCwgYhywjzAvu8y/FrP0rWAat7CC47p7nAyB4bhMHHFWw82F3UMW5Umj/Ku6qVXf9gJ0W5AdFkADmGKCnBwg==",
      "dev": true
    },
    "@angular/platform-browser-dynamic": {
      "version": "2.0.1",
      "resolved": "https://registry.npmjs.org/@angular/platform-browser-dynamic/-/platform-browser-dynamic-2.0.1.tgz",
      "integrity": "sha512-AtUNsh3HVTkikbQ3RcwINpz128q0IYPXEXKaT7hi/8PynvOjc44HkQjdk0Owx1CAwXHD+swdYM7hW+hffgt9Vw==",
      "dev": true
    },
    "@angular/platform-server": {
      "version": "2.0.1",
      "resolved": "https://registry.npmjs.org/@angular/platform-server/-/platform-server-2.0.1.tgz",
      "integrity": "sha512-JUwyCoqKVEPiPuhBxS7bB33HatUAYYt8ByIUb0SrbhEhHp9NoPUBy11156EGj2R5Wm6regIrVog4efqaiwx/Ag==",
      "dev": true,
      "requires": {
        "parse5": "1.3.2"
      }
    },
    "@angular/tsc-wrapped": {
      "version": "0.3.0",
      "resolved": "https://registry.npmjs.org/@angular/tsc-wrapped/-/tsc-wrapped-0.3.0.tgz",
      "integrity": "sha512-1CVrSOsRm929+kGP50AO0TwLyqIOiopmn/lhfpy9e4lfbwxJB9p+zX6oolLTMLnH8f1xD+otvXrYjx3BocEvZg==",
      "requires": {
        "tsickle": "^0.1.7"
      }
    },
    "amdefine": {
      "version": "1.0.1",
      "resolved": "https://registry.npmjs.org/amdefine/-/amdefine-1.0.1.tgz",
      "integrity": "sha512-S2Hw0TtNkMJhIabBwIojKL9YHO5T0n5eNqWJ7Lrlel/zDbftQpxpapi8tZs3X1HWa+u+QeydGmzzNU0m09+Rcg=="
    },
    "minimist": {
      "version": "1.2.8",
      "resolved": "https://registry.npmjs.org/minimist/-/minimist-1.2.8.tgz",
      "integrity": "sha512-2yyAR8qBkN3YuheJanUpWC5U3bb5osDywNB8RzDVlDwDHbocAJveqqj1u8+SVD7jkWT4yvsHCpWqqWqAxb0zCA=="
    },
    "mkdirp": {
      "version": "0.5.6",
      "resolved": "https://registry.npmjs.org/mkdirp/-/mkdirp-0.5.6.tgz",
      "integrity": "sha512-FP+p8RB8OWpF3YZBCrP5gtADmtXApB5AMLn+vdyA+PyxCjrCs00mjyUozssO33cwDeT3wNGdLxJ5M//YqtHAJw==",
      "requires": {
        "minimist": "^1.2.6"
      }
    },
    "parse5": {
      "version": "1.3.2",
      "resolved": "https://registry.npmjs.org/parse5/-/parse5-1.3.2.tgz",
      "integrity": "sha512-lgyPPrJg3QhWRFUFH97YlSvpQsiKHKdB/UaAmDgtFEkS4yRDFSGYirFei9F9cBGf7+xUHMbItyFubjRDOQaEyw=="
    },
    "reflect-metadata": {
      "version": "0.1.14",
      "resolved": "https://registry.npmjs.org/reflect-metadata/-/reflect-metadata-0.1.14.tgz",
      "integrity": "sha512-ZhYeb6nRaXCfhnndflDK8qI6ZQ/YcWZCISRAWICW9XYqMUwjZM9Z0DveWX/ABN01oxSHwVxKQmxeYZSsm0jh5A=="
    },
    "rxjs": {
      "version": "5.0.0-beta.12",
      "resolved": "https://registry.npmjs.org/rxjs/-/rxjs-5.0.0-beta.12.tgz",
      "integrity": "sha512-MbZwSgZC/hXrpP7Et1AF7diWebRzchskbVZwYExSLtRCoWKqjB35xoqon07/o7h92Nvctc3hRE8L84zbLu9C/g==",
      "dev": true,
      "requires": {
        "symbol-observable": "^1.0.1"
      }
    },
    "signature_pad": {
      "version": "2.3.2",
      "resolved": "https://registry.npmjs.org/signature_pad/-/signature_pad-2.3.2.tgz",
      "integrity": "sha512-peYXLxOsIY6MES2TrRLDiNg2T++8gGbpP2yaC+6Ohtxr+a2dzoaqWosWDY9sWqTAAk6E/TyQO+LJw9zQwyu5kA=="
    },
    "source-map": {
      "version": "0.4.4",
      "resolved": "https://registry.npmjs.org/source-map/-/source-map-0.4.4.tgz",
      "integrity": "sha512-Y8nIfcb1s/7DcobUz1yOO1GSp7gyL+D9zLHDehT7iRESqGSxjJ448Sg7rvfgsRJCnKLdSl11uGf0s9X80cH0/A==",
      "requires": {
        "amdefine": ">=0.0.4"
      }
    },
    "source-map-support": {
      "version": "0.3.3",
      "resolved": "https://registry.npmjs.org/source-map-support/-/source-map-support-0.3.3.tgz",
      "integrity": "sha512-9O4+y9n64RewmFoKUZ/5Tx9IHIcXM6Q+RTSw6ehnqybUz4a7iwR3Eaw80uLtqqQ5D0C+5H03D4KKGo9PdP33Gg==",
      "requires": {
        "source-map": "0.1.32"
      },
      "dependencies": {
        "source-map": {
          "version": "0.1.32",
          "resolved": "https://registry.npmjs.org/source-map/-/source-map-0.1.32.tgz",
          "integrity": "sha512-htQyLrrRLkQ87Zfrir4/yN+vAUd6DNjVayEjTSHXu29AYQJw57I4/xEL/M6p6E/woPNJwvZt6rVlzc7gFEJccQ==",
          "requires": {
            "amdefine": ">=0.0.4"
          }
        }
      }
    },
    "symbol-observable": {
      "version": "1.2.0",
      "resolved": "https://registry.npmjs.org/symbol-observable/-/symbol-observable-1.2.0.tgz",
      "integrity": "sha512-e900nM8RRtGhlV36KGEU9k65K3mPb1WV70OdjfxlG2EAuM1noi/E/BaW/uMhL7bPEssK8QV57vN3esixjUvcXQ=="
    },
    "tsickle": {
      "version": "0.1.7",
      "resolved": "https://registry.npmjs.org/tsickle/-/tsickle-0.1.7.tgz",
      "integrity": "sha512-WVpPLgJnOzmPwiGBer6nPojGH47v0TngDuqtHpVSiP3im04Z4FkK0GjqYfhW9jw/di6e9scZzyI1ie5wO266zA==",
      "requires": {
        "minimist": "^1.2.0",
        "mkdirp": "^0.5.1",
        "source-map": "^0.4.2",
        "source-map-support": "^0.3.1"
      }
    },
    "typescript": {
      "version": "2.0.3",
      "resolved": "https://registry.npmjs.org/typescript/-/typescript-2.0.3.tgz",
      "integrity": "sha512-VMzzasFNZ8NAp/t4UQeOIAa6x2c3XXB6+URGufGpPPRyWm197B0dPu9S7t4MGhXCv7oCDvo+Hx/qF7LLI8dOjw==",
      "dev": true
    },
    "zone.js": {
      "version": "0.6.25",
      "resolved": "https://registry.npmjs.org/zone.js/-/zone.js-0.6.25.tgz",
      "integrity": "sha512-iKW9DKRlFqdqExJvNJqw7MI1mc9PraSx5o84LLY64Jh40nKNMgn8hvhDeiXKWpGILzhtaN4k9yqyi3qg6SMSlA==",
      "dev": true
    }
  }
}
